
Microsoft Visual Studio Solution File, Format Version 12.00
# Visual Studio Version 17
VisualStudioVersion = 17.6.33829.357
MinimumVisualStudioVersion = 10.0.40219.1
Project("{FAE04EC0-301F-11D3-BF4B-00C04F79EFBC}") = "FlappyPokemon", "FlappyPokemon\FlappyPokemon.csproj", "{A6DC590D-D2CF-47B0-9C47-D38933FB7DAD}"
EndProject
Global
	GlobalSection(SolutionConfigurationPlatforms) = preSolution
		Debug|Any CPU = Debug|Any CPU
		Release|Any CPU = Release|Any CPU
	EndGlobalSection
	GlobalSection(ProjectConfigurationPlatforms) = postSolution
		{A6DC590D-D2CF-47B0-9C47-D38933FB7DAD}.Debug|Any CPU.ActiveCfg = Debug|Any CPU
		{A6DC590D-D2CF-47B0-9C47-D38933FB7DAD}.Debug|Any CPU.Build.0 = Debug|Any CPU
		{A6DC590D-D2CF-47B0-9C47-D38933FB7DAD}.Release|Any CPU.ActiveCfg = Release|Any CPU
		{A6DC590D-D2CF-47B0-9C47-D38933FB7DAD}.Release|Any CPU.Build.0 = Release|Any CPU
	EndGlobalSection
	GlobalSection(SolutionProperties) = preSolution
		HideSolutionNode = FALSE
	EndGlobalSection
	GlobalSection(ExtensibilityGlobals) = postSolution
		SolutionGuid = {876F0574-7C2A-4151-A09B-A061769B41AA}
	EndGlobalSection
EndGlobal
